{
    "hash": "47587ad7333cb232942456948370f378",
    "packages": [
        {
            "package": "symfony/finder",
            "version": "dev-master",
            "alias-pretty-version": "2.1.x-dev",
            "alias-version": "2.1.9999999.9999999-dev"
        },
        {
            "package": "symfony/finder",
            "version": "dev-master",
            "source-reference": "v2.1.0-BETA1",
            "commit-date": "1340118982"
        }
    ],
    "packages-dev": null,
    "aliases": [

    ],
    "minimum-stability": "dev",
    "stability-flags": [

    ]
}
